{
  "version": 4,
  "terraform_version": "1.5.7",
  "serial": 4,
  "lineage": "db227a30-8873-3707-6c47-69267ef5e659",
  "outputs": {
    "bastion_subnet_id": {
      "value": "/subscriptions/fcf45ce4-6585-4fb7-af52-3461e3a86d77/resourceGroups/eit-eh-polyport-dev/providers/Microsoft.Network/virtualNetworks/thoregon-vnet/subnets/AzureBastionSubnet",
      "type": "string"
    },
    "vm_subnet_id": {
      "value": "/subscriptions/fcf45ce4-6585-4fb7-af52-3461e3a86d77/resourceGroups/eit-eh-polyport-dev/providers/Microsoft.Network/virtualNetworks/thoregon-vnet/subnets/vm-subnet",
      "type": "string"
    },
    "vnet_id": {
      "value": "/subscriptions/fcf45ce4-6585-4fb7-af52-3461e3a86d77/resourceGroups/eit-eh-polyport-dev/providers/Microsoft.Network/virtualNetworks/thoregon-vnet",
      "type": "string"
    }
  },
  "resources": [
    {
      "mode": "data",
      "type": "azurerm_resource_group",
      "name": "rg",
      "provider": "provider[\"registry.terraform.io/hashicorp/azurerm\"]",
      "instances": [
        {
          "schema_version": 0,
          "attributes": {
            "id": "/subscriptions/fcf45ce4-6585-4fb7-af52-3461e3a86d77/resourceGroups/eit-eh-polyport-dev",
            "location": "francecentral",
            "managed_by": "",
            "name": "eit-eh-polyport-dev",
            "tags": {},
            "timeouts": null
          },
          "sensitive_attributes": []
        }
      ]
    },
    {
      "mode": "managed",
      "type": "azurerm_subnet",
      "name": "bastion_subnet",
      "provider": "provider[\"registry.terraform.io/hashicorp/azurerm\"]",
      "instances": [
        {
          "schema_version": 0,
          "attributes": {
            "address_prefixes": [
              "10.40.2.0/26"
            ],
            "default_outbound_access_enabled": true,
            "delegation": [],
            "enforce_private_link_endpoint_network_policies": false,
            "enforce_private_link_service_network_policies": false,
            "id": "/subscriptions/fcf45ce4-6585-4fb7-af52-3461e3a86d77/resourceGroups/eit-eh-polyport-dev/providers/Microsoft.Network/virtualNetworks/thoregon-vnet/subnets/AzureBastionSubnet",
            "name": "AzureBastionSubnet",
            "private_endpoint_network_policies": "Enabled",
            "private_endpoint_network_policies_enabled": true,
            "private_link_service_network_policies_enabled": true,
            "resource_group_name": "eit-eh-polyport-dev",
            "service_endpoint_policy_ids": null,
            "service_endpoints": null,
            "timeouts": null,
            "virtual_network_name": "thoregon-vnet"
          },
          "sensitive_attributes": [],
          "private": "eyJlMmJmYjczMC1lY2FhLTExZTYtOGY4OC0zNDM2M2JjN2M0YzAiOnsiY3JlYXRlIjoxODAwMDAwMDAwMDAwLCJkZWxldGUiOjE4MDAwMDAwMDAwMDAsInJlYWQiOjMwMDAwMDAwMDAwMCwidXBkYXRlIjoxODAwMDAwMDAwMDAwfX0=",
          "dependencies": [
            "azurerm_virtual_network.vnet",
            "data.azurerm_resource_group.rg"
          ]
        }
      ]
    },
    {
      "mode": "managed",
      "type": "azurerm_subnet",
      "name": "vm_subnet",
      "provider": "provider[\"registry.terraform.io/hashicorp/azurerm\"]",
      "instances": [
        {
          "schema_version": 0,
          "attributes": {
            "address_prefixes": [
              "10.40.1.0/24"
            ],
            "default_outbound_access_enabled": true,
            "delegation": [],
            "enforce_private_link_endpoint_network_policies": false,
            "enforce_private_link_service_network_policies": false,
            "id": "/subscriptions/fcf45ce4-6585-4fb7-af52-3461e3a86d77/resourceGroups/eit-eh-polyport-dev/providers/Microsoft.Network/virtualNetworks/thoregon-vnet/subnets/vm-subnet",
            "name": "vm-subnet",
            "private_endpoint_network_policies": "Enabled",
            "private_endpoint_network_policies_enabled": true,
            "private_link_service_network_policies_enabled": true,
            "resource_group_name": "eit-eh-polyport-dev",
            "service_endpoint_policy_ids": null,
            "service_endpoints": null,
            "timeouts": null,
            "virtual_network_name": "thoregon-vnet"
          },
          "sensitive_attributes": [],
          "private": "eyJlMmJmYjczMC1lY2FhLTExZTYtOGY4OC0zNDM2M2JjN2M0YzAiOnsiY3JlYXRlIjoxODAwMDAwMDAwMDAwLCJkZWxldGUiOjE4MDAwMDAwMDAwMDAsInJlYWQiOjMwMDAwMDAwMDAwMCwidXBkYXRlIjoxODAwMDAwMDAwMDAwfX0=",
          "dependencies": [
            "azurerm_virtual_network.vnet",
            "data.azurerm_resource_group.rg"
          ]
        }
      ]
    },
    {
      "mode": "managed",
      "type": "azurerm_virtual_network",
      "name": "vnet",
      "provider": "provider[\"registry.terraform.io/hashicorp/azurerm\"]",
      "instances": [
        {
          "schema_version": 0,
          "attributes": {
            "address_space": [
              "10.40.0.0/16"
            ],
            "bgp_community": "",
            "ddos_protection_plan": [],
            "dns_servers": [],
            "edge_zone": "",
            "encryption": [],
            "flow_timeout_in_minutes": 0,
            "guid": "afc42f45-c865-47c2-b32e-a0a0254063ee",
            "id": "/subscriptions/fcf45ce4-6585-4fb7-af52-3461e3a86d77/resourceGroups/eit-eh-polyport-dev/providers/Microsoft.Network/virtualNetworks/thoregon-vnet",
            "location": "francecentral",
            "name": "thoregon-vnet",
            "resource_group_name": "eit-eh-polyport-dev",
            "subnet": [],
            "tags": null,
            "timeouts": null
          },
          "sensitive_attributes": [],
          "private": "eyJlMmJmYjczMC1lY2FhLTExZTYtOGY4OC0zNDM2M2JjN2M0YzAiOnsiY3JlYXRlIjoxODAwMDAwMDAwMDAwLCJkZWxldGUiOjE4MDAwMDAwMDAwMDAsInJlYWQiOjMwMDAwMDAwMDAwMCwidXBkYXRlIjoxODAwMDAwMDAwMDAwfX0=",
          "dependencies": [
            "data.azurerm_resource_group.rg"
          ]
        }
      ]
    }
  ],
  "check_results": null
}
