{
  "version": 4,
  "terraform_version": "1.5.7",
  "serial": 241,
  "lineage": "99cc5907-efd5-6078-4265-6788a792d0e4",
  "outputs": {
    "public_ip_address": {
      "value": "4.178.173.241",
      "type": "string"
    },
    "public_ip_azure_fqdn": {
      "value": "ansiblecontrolcenter-mail.francecentral.cloudapp.azure.com",
      "type": "string"
    },
    "vm_name": {
      "value": "AnsibleControlCenter",
      "type": "string"
    }
  },
  "resources": [
    {
      "mode": "data",
      "type": "azurerm_resource_group",
      "name": "rg",
      "provider": "provider[\"registry.terraform.io/hashicorp/azurerm\"]",
      "instances": [
        {
          "schema_version": 0,
          "attributes": {
            "id": "/subscriptions/fcf45ce4-6585-4fb7-af52-3461e3a86d77/resourceGroups/eit-eh-polyport-dev",
            "location": "francecentral",
            "managed_by": "",
            "name": "eit-eh-polyport-dev",
            "tags": {},
            "timeouts": null
          },
          "sensitive_attributes": []
        }
      ]
    },
    {
      "mode": "data",
      "type": "azurerm_subnet",
      "name": "existing_subnet",
      "provider": "provider[\"registry.terraform.io/hashicorp/azurerm\"]",
      "instances": [
        {
          "schema_version": 0,
          "attributes": {
            "address_prefix": "10.40.1.0/24",
            "address_prefixes": [
              "10.40.1.0/24"
            ],
            "default_outbound_access_enabled": true,
            "enforce_private_link_endpoint_network_policies": false,
            "enforce_private_link_service_network_policies": false,
            "id": "/subscriptions/fcf45ce4-6585-4fb7-af52-3461e3a86d77/resourceGroups/eit-eh-polyport-dev/providers/Microsoft.Network/virtualNetworks/thoregon-vnet/subnets/vm-subnet",
            "name": "vm-subnet",
            "network_security_group_id": "",
            "private_endpoint_network_policies": "Enabled",
            "private_endpoint_network_policies_enabled": true,
            "private_link_service_network_policies_enabled": true,
            "resource_group_name": "eit-eh-polyport-dev",
            "route_table_id": "",
            "service_endpoints": [],
            "timeouts": null,
            "virtual_network_name": "thoregon-vnet"
          },
          "sensitive_attributes": []
        }
      ]
    },
    {
      "mode": "data",
      "type": "azurerm_virtual_network",
      "name": "existing_vnet",
      "provider": "provider[\"registry.terraform.io/hashicorp/azurerm\"]",
      "instances": [
        {
          "schema_version": 0,
          "attributes": {
            "address_space": [
              "10.40.0.0/16"
            ],
            "dns_servers": [],
            "guid": "afc42f45-c865-47c2-b32e-a0a0254063ee",
            "id": "/subscriptions/fcf45ce4-6585-4fb7-af52-3461e3a86d77/resourceGroups/eit-eh-polyport-dev/providers/Microsoft.Network/virtualNetworks/thoregon-vnet",
            "location": "francecentral",
            "name": "thoregon-vnet",
            "resource_group_name": "eit-eh-polyport-dev",
            "subnets": [
              "vm-subnet",
              "AzureBastionSubnet"
            ],
            "tags": {},
            "timeouts": null,
            "vnet_peerings": {},
            "vnet_peerings_addresses": []
          },
          "sensitive_attributes": []
        }
      ]
    },
    {
      "mode": "managed",
      "type": "azurerm_linux_virtual_machine",
      "name": "vm",
      "provider": "provider[\"registry.terraform.io/hashicorp/azurerm\"]",
      "instances": [
        {
          "schema_version": 0,
          "attributes": {
            "additional_capabilities": [],
            "admin_password": null,
            "admin_ssh_key": [
              {
                "public_key": "ssh-rsa AAAAB3NzaC1yc2EAAAADAQABAAABAQDg6D6t2QexnmWRvnrM+3L/xmN+lkFquNkA5dG4qVpOKvvbC13sEKGJgVDOjoyDRAF/YNPIPWEWQnv+h+8GVKA0sQnFuxzyMDdBbcbp94zHGadOlWKyLj46BeSsYSwxf/bYugJAMRpDJHzaU7SZP2J4icLB8N/TbgaGSkxGbLCO3f+RAULgfNb9bZ+b3ssVjTB90YsAXZYV2dK0WfTIp7alZxwj12jl14FjmN12jwCAgMRdmFvZHIW7wyd3a1CrEyxAfpIh7zGewHeK8+SkYDiIlBllBtxLfdwxZtyKKhby1IMCrpmHebMRBm7nkNJ/+dOhmqoBiIBR8hFO4EDotLTF",
                "username": "ansiblemin"
              }
            ],
            "admin_username": "ansiblemin",
            "allow_extension_operations": true,
            "availability_set_id": "",
            "boot_diagnostics": [],
            "bypass_platform_safety_checks_on_user_schedule_enabled": false,
            "capacity_reservation_group_id": "",
            "computer_name": "AnsibleControlCenter",
            "custom_data": "I2Nsb3VkLWNvbmZpZwojIEluc3RhbGxpZXJ0IEFuc2libGUsIEdvLCBEb2NrZXIsIEphdmEsIEdpdCB1bmQgZXJzdGVsbHQgT3JkbmVyLgojIFRlcnJhZm9ybS1JbnN0YWxsYXRpb24gd2lyZCB3ZWl0ZXJoaW4gw7xiZXJzcHJ1bmdlbi4KIyBCZW51dHplcmVyc3RlbGx1bmcgYXVzIGNsb3VkLWluaXQgZW50ZmVybnQsIGRhIGRpZXMgZHVyY2ggVGVycmFmb3JtL0F6dXJlIGdlc2NoaWVodC4KCiMgU3lzdGVtcGFrZXRlIGFrdHVhbGlzaWVyZW4KcGFja2FnZV91cGRhdGU6IHRydWUKcGFja2FnZV91cGdyYWRlOiB0cnVlCgojIEJhc2lzcGFrZXRlCnBhY2thZ2VzOgogIC0gYXB0LXRyYW5zcG9ydC1odHRwcwogIC0gY2EtY2VydGlmaWNhdGVzCiAgLSBjdXJsCiAgLSBnbnVwZwogIC0gbHNiLXJlbGVhc2UKICAtIHdnZXQKICAtIHVuemlwCiAgLSBidWlsZC1lc3NlbnRpYWwKICAtIGdpdAogIC0gcHl0aG9uMy1waXAgCiAgLSBweXRob24zLXZlbnYKCiMgUm9vdC1CZWZlaGxlCnJ1bmNtZDoKICAtIHwKICAgICMhL2Jpbi9iYXNoCiAgICBzZXQgLWUgCiAgICBleHBvcnQgREVCSUFOX0ZST05URU5EPW5vbmludGVyYWN0aXZlCiAgICBMT0dfRklMRT0iL3Zhci9sb2cvY2xvdWRfaW5pdF9pbnN0YWxsLmxvZyIKICAgIGVjaG8gIj09PT09PSBTdGFydGluZyBDbG91ZC1Jbml0OiBTaW1wbGlmaWVkIFB1cmUgSW5zdGFsbGF0aW9uIChBenVyZSBWTSkgPT09PT09IiA+ICRMT0dfRklMRQoKICAgICMgVmFyaWFibGVuCiAgICBUQVJHRVRfVVNFUl9OQU1FPSJhbnNpYmxlbWluIiAjIFdJQ0hUSUc6IERpZXNlciBCZW51dHplciB3aXJkIHZvbiBUZXJyYWZvcm0vQXp1cmUgYWxzICdhZG1pbl91c2VybmFtZScgZXJzdGVsbHQhCiAgICBKQVZBX1ZFUlNJT05fUEFDS0FHRT0ib3Blbmpkay0xNy1qZGsiCiAgICBBTlNJQkxFX1BST0pFQ1RTX0RJUj0iL2hvbWUvJFRBUkdFVF9VU0VSX05BTUUvYW5zaWJsZXByb2plY3RzIgogICAgRE9DS0VSX0lNQUdFU19ESVI9Ii9ob21lLyRUQVJHRVRfVVNFUl9OQU1FL2RvY2tlcmltYWdlcyIKICAgIEFQSVNfRElSPSIvaG9tZS8kVEFSR0VUX1VTRVJfTkFNRS9hcGlzIgoKICAgIGxvZ19hbmRfZXhpdCgpIHsKICAgICAgZWNobyAiQVpVUkVfVk1fRVJST1I6IENvbW1hbmQgZmFpbGVkIGF0IHN0ZXA6ICQxIChzZWUgJExPR19GSUxFIGFuZCAvdmFyL2xvZy9jbG91ZC1pbml0LW91dHB1dC5sb2cpIiA+PiAkTE9HX0ZJTEUKICAgICAgZXhpdCAxCiAgICB9CgogICAgIyBCZW51dHplcmVyc3RlbGx1bmcgd3VyZGUgZW50ZmVybnQuCiAgICAjIEVzIHdpcmQgZGF2b24gYXVzZ2VnYW5nZW4sIGRhc3MgZGVyIEJlbnV0emVyICckVEFSR0VUX1VTRVJfTkFNRScgCiAgICAjIChlbnRzcHJlY2hlbmQgJ3Zhci5hZG1pbl91c2VybmFtZScgaW4gVGVycmFmb3JtKSBiZXJlaXRzIHZvbiBBenVyZSBiZWltCiAgICAjIFByb3Zpc2lvbmllcmVuIGRlciBWTSBlcnN0ZWxsdCB3dXJkZS4KICAgIGVjaG8gIklORk86IFByb2NlZWRpbmcgd2l0aCBpbnN0YWxsYXRpb25zLiBVc2VyICckVEFSR0VUX1VTRVJfTkFNRScgaXMgZXhwZWN0ZWQgdG8gZXhpc3QuIiA+PiAkTE9HX0ZJTEUKICAgIAogICAgIyBPcHRpb25hbDogS3VyemVyIENoZWNrLCBvYiBkYXMgSG9tZS1WZXJ6ZWljaG5pcyBleGlzdGllcnQgKHNvbGx0ZSBlcywgd2VubiBkZXIgVXNlciBrb3JyZWt0IGVyc3RlbGx0IHd1cmRlKQogICAgaWYgWyAhIC1kICIvaG9tZS8kVEFSR0VUX1VTRVJfTkFNRSIgXTsgdGhlbgogICAgICAgIGVjaG8gIldBUk5JTkc6IEhvbWUgZGlyZWN0b3J5IC9ob21lLyRUQVJHRVRfVVNFUl9OQU1FIGZvciB1c2VyICckVEFSR0VUX1VTRVJfTkFNRScgbm90IGZvdW5kISBUaGlzIGNvdWxkIGluZGljYXRlIGFuIGlzc3VlIHdpdGggdXNlciBwcm92aXNpb25pbmcgYnkgQXp1cmUgb3IgYW4gaW5jb3JyZWN0IFRBUkdFVF9VU0VSX05BTUUuIiA+PiAkTE9HX0ZJTEUKICAgICAgICAjIEhpZXIga8O2bm50ZSBtYW4gZ2dmLiBsb2dfYW5kX2V4aXQgYXVmcnVmZW4sIHdlbm4gZGFzIGtyaXRpc2NoIGlzdCwgYWJlciBUZXJyYWZvcm0gc29sbHRlIGRhcyBIb21lLURpciBhbmxlZ2VuLgogICAgZmkKCiAgICBlY2hvICJJTkZPOiBVcGRhdGluZyBwYWNrYWdlIGxpc3RzIChhcHQtZ2V0IHVwZGF0ZSkuLi4iID4+ICRMT0dfRklMRQogICAgYXB0LWdldCB1cGRhdGUgLXkgPj4gJExPR19GSUxFIDI+JjEgfHwgbG9nX2FuZF9leGl0ICJBcHRVcGRhdGUiCgogICAgZWNobyAiSU5GTzogRW5zdXJpbmcgR2l0IGlzIGluc3RhbGxlZC4uLiIgPj4gJExPR19GSUxFCiAgICBhcHQtZ2V0IGluc3RhbGwgLXkgZ2l0ID4+ICRMT0dfRklMRSAyPiYxIHx8IGxvZ19hbmRfZXhpdCAiSW5zdGFsbEdpdCIKCiAgICBlY2hvICJJTkZPOiBJbnN0YWxsaW5nIEphdmEgKCRKQVZBX1ZFUlNJT05fUEFDS0FHRSkuLi4iID4+ICRMT0dfRklMRQogICAgYXB0LWdldCBpbnN0YWxsIC15ICIkSkFWQV9WRVJTSU9OX1BBQ0tBR0UiID4+ICRMT0dfRklMRSAyPiYxIHx8IGxvZ19hbmRfZXhpdCAiSW5zdGFsbEphdmEiCgogICAgZWNobyAiSU5GTzogSW5zdGFsbGluZyBHbyAoZ29sYW5nLWdvKS4uLiIgPj4gJExPR19GSUxFCiAgICBhcHQtZ2V0IGluc3RhbGwgLXkgZ29sYW5nLWdvID4+ICRMT0dfRklMRSAyPiYxIHx8IGxvZ19hbmRfZXhpdCAiSW5zdGFsbEdvIgoKICAgIGVjaG8gIklORk86IEluc3RhbGxpbmcgRG9ja2VyIChkb2NrZXIuaW8pIGFuZCBEb2NrZXIgQ29tcG9zZS4uLiIgPj4gJExPR19GSUxFCiAgICBhcHQtZ2V0IGluc3RhbGwgLXkgZG9ja2VyLmlvIGRvY2tlci1jb21wb3NlID4+ICRMT0dfRklMRSAyPiYxIHx8IGxvZ19hbmRfZXhpdCAiSW5zdGFsbERvY2tlciIKICAgIAogICAgZWNobyAiSU5GTzogQWRkaW5nICRUQVJHRVRfVVNFUl9OQU1FIHRvIGRvY2tlciBncm91cC4uLiIgPj4gJExPR19GSUxFCiAgICB1c2VybW9kIC1hRyBkb2NrZXIgIiRUQVJHRVRfVVNFUl9OQU1FIiA+PiAkTE9HX0ZJTEUgMj4mMSB8fCBlY2hvICJXQVJOSU5HOiBGYWlsZWQgdG8gYWRkICRUQVJHRVRfVVNFUl9OQU1FIHRvIGRvY2tlciBncm91cC4gVXNlciBtYXkgbmVlZCB0byByZS1sb2dpbi4iID4+ICRMT0dfRklMRQogICAgCiAgICBpZiBjb21tYW5kIC12IHN5c3RlbWN0bCAmPi9kZXYvbnVsbDsgdGhlbgogICAgICBlY2hvICJJTkZPOiBFbmFibGluZyBhbmQgc3RhcnRpbmcgRG9ja2VyIHNlcnZpY2UuLi4iID4+ICRMT0dfRklMRQogICAgICBzeXN0ZW1jdGwgZW5hYmxlIGRvY2tlciA+PiAkTE9HX0ZJTEUgMj4mMSB8fCBlY2hvICJXQVJOSU5HOiBGYWlsZWQgdG8gZW5hYmxlIERvY2tlciBzZXJ2aWNlLiIgPj4gJExPR19GSUxFCiAgICAgIHN5c3RlbWN0bCBzdGFydCBkb2NrZXIgPj4gJExPR19GSUxFIDI+JjEgfHwgZWNobyAiV0FSTklORzogRmFpbGVkIHRvIHN0YXJ0IERvY2tlciBzZXJ2aWNlLiIgPj4gJExPR19GSUxFCiAgICBlbHNlCiAgICAgIGVjaG8gIldBUk5JTkc6IHN5c3RlbWN0bCBub3QgZm91bmQuIENhbm5vdCBtYW5hZ2UgRG9ja2VyIHNlcnZpY2Ugc3RhdGUuIiA+PiAkTE9HX0ZJTEUKICAgIGZpCgogICAgZWNobyAiSU5GTzogSW5zdGFsbGluZyBBbnNpYmxlLi4uIiA+PiAkTE9HX0ZJTEUKICAgIGFwdC1nZXQgaW5zdGFsbCAteSBhbnNpYmxlID4+ICRMT0dfRklMRSAyPiYxIHx8IGxvZ19hbmRfZXhpdCAiSW5zdGFsbEFuc2libGUiCgogICAgZWNobyAiSU5GTzogVGVycmFmb3JtIGluc3RhbGxhdGlvbiBpcyBjdXJyZW50bHkgc2tpcHBlZC4iID4+ICRMT0dfRklMRQoKICAgIGVjaG8gIklORk86IENyZWF0aW5nIGRpcmVjdG9yaWVzIGZvciAkVEFSR0VUX1VTRVJfTkFNRS4uLiIgPj4gJExPR19GSUxFCiAgICBmb3IgZGlyX3BhdGggaW4gIiRBTlNJQkxFX1BST0pFQ1RTX0RJUiIgIiRET0NLRVJfSU1BR0VTX0RJUiIgIiRBUElTX0RJUiI7IGRvCiAgICAgIG1rZGlyIC1wICIkZGlyX3BhdGgiID4+ICRMT0dfRklMRSAyPiYxIHx8IGxvZ19hbmRfZXhpdCAiQ3JlYXRlRGlyZWN0b3J5ICRkaXJfcGF0aCIKICAgICAgZWNobyAiSU5GTzogRGlyZWN0b3J5ICRkaXJfcGF0aCBlbnN1cmVkLiIgPj4gJExPR19GSUxFCiAgICAgIGNob3duICIkVEFSR0VUX1VTRVJfTkFNRTokVEFSR0VUX1VTRVJfTkFNRSIgIiRkaXJfcGF0aCIgPj4gJExPR19GSUxFIDI+JjEgfHwgbG9nX2FuZF9leGl0ICJDaG93bkRpcmVjdG9yeSAkZGlyX3BhdGgiCiAgICAgIGNobW9kIDA3NTUgIiRkaXJfcGF0aCIgPj4gJExPR19GSUxFIDI+JjEgfHwgbG9nX2FuZF9leGl0ICJDaG1vZERpcmVjdG9yeSAkZGlyX3BhdGgiCiAgICAgIGVjaG8gIklORk86IE93bmVyc2hpcCBhbmQgcGVybWlzc2lvbnMgc2V0IGZvciAkZGlyX3BhdGguIiA+PiAkTE9HX0ZJTEUKICAgIGRvbmUKCiAgICBlY2hvICI9PT09PT0gQ2xvdWQtSW5pdDogU2ltcGxpZmllZCBQdXJlIEluc3RhbGxhdGlvbiBGaW5pc2hlZCBTdWNjZXNzZnVsbHkgKEF6dXJlIFZNKSA9PT09PT0iID4+ICRMT0dfRklMRQogICAgZWNobyAiU3VtbWFyeTogR2l0LCBKYXZhLCBHbywgRG9ja2VyIChkb2NrZXIuaW8pLCBBbnNpYmxlIChhcHQpIHNob3VsZCBiZSBpbnN0YWxsZWQuIiA+PiAkTE9HX0ZJTEUKICAgIGVjaG8gIlBsZWFzZSBjaGVjayAkTE9HX0ZJTEUgZm9yIGRldGFpbHMuIiA+PiAkTE9HX0ZJTEU=",
            "dedicated_host_group_id": "",
            "dedicated_host_id": "",
            "disable_password_authentication": true,
            "disk_controller_type": "SCSI",
            "edge_zone": "",
            "encryption_at_host_enabled": false,
            "eviction_policy": "",
            "extensions_time_budget": "PT1H30M",
            "gallery_application": [],
            "id": "/subscriptions/fcf45ce4-6585-4fb7-af52-3461e3a86d77/resourceGroups/eit-eh-polyport-dev/providers/Microsoft.Compute/virtualMachines/AnsibleControlCenter",
            "identity": [],
            "license_type": "",
            "location": "francecentral",
            "max_bid_price": -1,
            "name": "AnsibleControlCenter",
            "network_interface_ids": [
              "/subscriptions/fcf45ce4-6585-4fb7-af52-3461e3a86d77/resourceGroups/eit-eh-polyport-dev/providers/Microsoft.Network/networkInterfaces/AnsibleControlCenter-nic"
            ],
            "os_disk": [
              {
                "caching": "ReadWrite",
                "diff_disk_settings": [],
                "disk_encryption_set_id": "",
                "disk_size_gb": 30,
                "name": "AnsibleControlCenter_OsDisk_1_e72ca89c88514a0dafb6abb6e8318843",
                "secure_vm_disk_encryption_set_id": "",
                "security_encryption_type": "",
                "storage_account_type": "Standard_LRS",
                "write_accelerator_enabled": false
              }
            ],
            "os_image_notification": [],
            "patch_assessment_mode": "ImageDefault",
            "patch_mode": "ImageDefault",
            "plan": [],
            "platform_fault_domain": -1,
            "priority": "Regular",
            "private_ip_address": "10.40.1.4",
            "private_ip_addresses": [
              "10.40.1.4"
            ],
            "provision_vm_agent": true,
            "proximity_placement_group_id": "",
            "public_ip_address": "4.178.173.241",
            "public_ip_addresses": [
              "4.178.173.241"
            ],
            "reboot_setting": "",
            "resource_group_name": "eit-eh-polyport-dev",
            "secret": [],
            "secure_boot_enabled": false,
            "size": "Standard_B1s",
            "source_image_id": "",
            "source_image_reference": [
              {
                "offer": "0001-com-ubuntu-server-jammy",
                "publisher": "Canonical",
                "sku": "22_04-lts-gen2",
                "version": "latest"
              }
            ],
            "tags": null,
            "termination_notification": null,
            "timeouts": null,
            "user_data": "",
            "virtual_machine_id": "a5e8d7d7-9559-4157-8a18-d42503302391",
            "virtual_machine_scale_set_id": "",
            "vm_agent_platform_updates_enabled": false,
            "vtpm_enabled": false,
            "zone": ""
          },
          "sensitive_attributes": [],
          "private": "eyJlMmJmYjczMC1lY2FhLTExZTYtOGY4OC0zNDM2M2JjN2M0YzAiOnsiY3JlYXRlIjoyNzAwMDAwMDAwMDAwLCJkZWxldGUiOjI3MDAwMDAwMDAwMDAsInJlYWQiOjMwMDAwMDAwMDAwMCwidXBkYXRlIjoyNzAwMDAwMDAwMDAwfX0=",
          "dependencies": [
            "azurerm_network_interface.nic",
            "azurerm_network_interface_security_group_association.nic_nsg_assoc",
            "azurerm_network_security_group.nsg",
            "azurerm_public_ip.pip",
            "data.azurerm_resource_group.rg",
            "data.azurerm_subnet.existing_subnet"
          ]
        }
      ]
    },
    {
      "mode": "managed",
      "type": "azurerm_network_interface",
      "name": "nic",
      "provider": "provider[\"registry.terraform.io/hashicorp/azurerm\"]",
      "instances": [
        {
          "schema_version": 0,
          "attributes": {
            "accelerated_networking_enabled": false,
            "applied_dns_servers": [],
            "auxiliary_mode": "",
            "auxiliary_sku": "",
            "dns_servers": [],
            "edge_zone": "",
            "enable_accelerated_networking": false,
            "enable_ip_forwarding": false,
            "id": "/subscriptions/fcf45ce4-6585-4fb7-af52-3461e3a86d77/resourceGroups/eit-eh-polyport-dev/providers/Microsoft.Network/networkInterfaces/AnsibleControlCenter-nic",
            "internal_dns_name_label": "",
            "internal_domain_name_suffix": "iux2jl1fzdbepmzoucqckqdd3g.parx.internal.cloudapp.net",
            "ip_configuration": [
              {
                "gateway_load_balancer_frontend_ip_configuration_id": "",
                "name": "internal",
                "primary": true,
                "private_ip_address": "10.40.1.4",
                "private_ip_address_allocation": "Dynamic",
                "private_ip_address_version": "IPv4",
                "public_ip_address_id": "/subscriptions/fcf45ce4-6585-4fb7-af52-3461e3a86d77/resourceGroups/eit-eh-polyport-dev/providers/Microsoft.Network/publicIPAddresses/AnsibleControlCenter-pip",
                "subnet_id": "/subscriptions/fcf45ce4-6585-4fb7-af52-3461e3a86d77/resourceGroups/eit-eh-polyport-dev/providers/Microsoft.Network/virtualNetworks/thoregon-vnet/subnets/vm-subnet"
              }
            ],
            "ip_forwarding_enabled": false,
            "location": "francecentral",
            "mac_address": "",
            "name": "AnsibleControlCenter-nic",
            "private_ip_address": "10.40.1.4",
            "private_ip_addresses": [
              "10.40.1.4"
            ],
            "resource_group_name": "eit-eh-polyport-dev",
            "tags": null,
            "timeouts": null,
            "virtual_machine_id": ""
          },
          "sensitive_attributes": [],
          "private": "eyJlMmJmYjczMC1lY2FhLTExZTYtOGY4OC0zNDM2M2JjN2M0YzAiOnsiY3JlYXRlIjoxODAwMDAwMDAwMDAwLCJkZWxldGUiOjE4MDAwMDAwMDAwMDAsInJlYWQiOjMwMDAwMDAwMDAwMCwidXBkYXRlIjoxODAwMDAwMDAwMDAwfX0=",
          "dependencies": [
            "azurerm_public_ip.pip",
            "data.azurerm_resource_group.rg",
            "data.azurerm_subnet.existing_subnet"
          ]
        }
      ]
    },
    {
      "mode": "managed",
      "type": "azurerm_network_interface_security_group_association",
      "name": "nic_nsg_assoc",
      "provider": "provider[\"registry.terraform.io/hashicorp/azurerm\"]",
      "instances": [
        {
          "schema_version": 0,
          "attributes": {
            "id": "/subscriptions/fcf45ce4-6585-4fb7-af52-3461e3a86d77/resourceGroups/eit-eh-polyport-dev/providers/Microsoft.Network/networkInterfaces/AnsibleControlCenter-nic|/subscriptions/fcf45ce4-6585-4fb7-af52-3461e3a86d77/resourceGroups/eit-eh-polyport-dev/providers/Microsoft.Network/networkSecurityGroups/AnsibleControlCenter-nsg",
            "network_interface_id": "/subscriptions/fcf45ce4-6585-4fb7-af52-3461e3a86d77/resourceGroups/eit-eh-polyport-dev/providers/Microsoft.Network/networkInterfaces/AnsibleControlCenter-nic",
            "network_security_group_id": "/subscriptions/fcf45ce4-6585-4fb7-af52-3461e3a86d77/resourceGroups/eit-eh-polyport-dev/providers/Microsoft.Network/networkSecurityGroups/AnsibleControlCenter-nsg",
            "timeouts": null
          },
          "sensitive_attributes": [],
          "private": "eyJlMmJmYjczMC1lY2FhLTExZTYtOGY4OC0zNDM2M2JjN2M0YzAiOnsiY3JlYXRlIjoxODAwMDAwMDAwMDAwLCJkZWxldGUiOjE4MDAwMDAwMDAwMDAsInJlYWQiOjMwMDAwMDAwMDAwMH19",
          "dependencies": [
            "azurerm_network_interface.nic",
            "azurerm_network_security_group.nsg",
            "azurerm_public_ip.pip",
            "data.azurerm_resource_group.rg",
            "data.azurerm_subnet.existing_subnet"
          ]
        }
      ]
    },
    {
      "mode": "managed",
      "type": "azurerm_network_security_group",
      "name": "nsg",
      "provider": "provider[\"registry.terraform.io/hashicorp/azurerm\"]",
      "instances": [
        {
          "schema_version": 0,
          "attributes": {
            "id": "/subscriptions/fcf45ce4-6585-4fb7-af52-3461e3a86d77/resourceGroups/eit-eh-polyport-dev/providers/Microsoft.Network/networkSecurityGroups/AnsibleControlCenter-nsg",
            "location": "francecentral",
            "name": "AnsibleControlCenter-nsg",
            "resource_group_name": "eit-eh-polyport-dev",
            "security_rule": [
              {
                "access": "Allow",
                "description": "",
                "destination_address_prefix": "*",
                "destination_address_prefixes": [],
                "destination_application_security_group_ids": [],
                "destination_port_range": "22",
                "destination_port_ranges": [],
                "direction": "Inbound",
                "name": "AllowSSHIpv4",
                "priority": 100,
                "protocol": "Tcp",
                "source_address_prefix": "91.21.30.141/32",
                "source_address_prefixes": [],
                "source_application_security_group_ids": [],
                "source_port_range": "*",
                "source_port_ranges": []
              },
              {
                "access": "Allow",
                "description": "",
                "destination_address_prefix": "*",
                "destination_address_prefixes": [],
                "destination_application_security_group_ids": [],
                "destination_port_range": "22",
                "destination_port_ranges": [],
                "direction": "Inbound",
                "name": "AllowSSHIpv6",
                "priority": 110,
                "protocol": "Tcp",
                "source_address_prefix": "2001:4860:7:1410::f4/128",
                "source_address_prefixes": [],
                "source_application_security_group_ids": [],
                "source_port_range": "*",
                "source_port_ranges": []
              },
              {
                "access": "Allow",
                "description": "",
                "destination_address_prefix": "*",
                "destination_address_prefixes": [],
                "destination_application_security_group_ids": [],
                "destination_port_range": "25",
                "destination_port_ranges": [],
                "direction": "Inbound",
                "name": "AllowSMTPInbound",
                "priority": 120,
                "protocol": "Tcp",
                "source_address_prefix": "Internet",
                "source_address_prefixes": [],
                "source_application_security_group_ids": [],
                "source_port_range": "*",
                "source_port_ranges": []
              },
              {
                "access": "Allow",
                "description": "",
                "destination_address_prefix": "*",
                "destination_address_prefixes": [],
                "destination_application_security_group_ids": [],
                "destination_port_range": "587",
                "destination_port_ranges": [],
                "direction": "Inbound",
                "name": "AllowSMTPSubmissionInbound",
                "priority": 130,
                "protocol": "Tcp",
                "source_address_prefix": "Internet",
                "source_address_prefixes": [],
                "source_application_security_group_ids": [],
                "source_port_range": "*",
                "source_port_ranges": []
              }
            ],
            "tags": null,
            "timeouts": null
          },
          "sensitive_attributes": [],
          "private": "eyJlMmJmYjczMC1lY2FhLTExZTYtOGY4OC0zNDM2M2JjN2M0YzAiOnsiY3JlYXRlIjoxODAwMDAwMDAwMDAwLCJkZWxldGUiOjE4MDAwMDAwMDAwMDAsInJlYWQiOjMwMDAwMDAwMDAwMCwidXBkYXRlIjoxODAwMDAwMDAwMDAwfX0=",
          "dependencies": [
            "data.azurerm_resource_group.rg"
          ]
        }
      ]
    },
    {
      "mode": "managed",
      "type": "azurerm_public_ip",
      "name": "pip",
      "provider": "provider[\"registry.terraform.io/hashicorp/azurerm\"]",
      "instances": [
        {
          "schema_version": 0,
          "attributes": {
            "allocation_method": "Static",
            "ddos_protection_mode": "VirtualNetworkInherited",
            "ddos_protection_plan_id": null,
            "domain_name_label": "ansiblecontrolcenter-mail",
            "edge_zone": "",
            "fqdn": "ansiblecontrolcenter-mail.francecentral.cloudapp.azure.com",
            "id": "/subscriptions/fcf45ce4-6585-4fb7-af52-3461e3a86d77/resourceGroups/eit-eh-polyport-dev/providers/Microsoft.Network/publicIPAddresses/AnsibleControlCenter-pip",
            "idle_timeout_in_minutes": 4,
            "ip_address": "4.178.173.241",
            "ip_tags": null,
            "ip_version": "IPv4",
            "location": "francecentral",
            "name": "AnsibleControlCenter-pip",
            "public_ip_prefix_id": null,
            "resource_group_name": "eit-eh-polyport-dev",
            "reverse_fqdn": "",
            "sku": "Standard",
            "sku_tier": "Regional",
            "tags": null,
            "timeouts": null,
            "zones": null
          },
          "sensitive_attributes": [],
          "private": "eyJlMmJmYjczMC1lY2FhLTExZTYtOGY4OC0zNDM2M2JjN2M0YzAiOnsiY3JlYXRlIjoxODAwMDAwMDAwMDAwLCJkZWxldGUiOjE4MDAwMDAwMDAwMDAsInJlYWQiOjMwMDAwMDAwMDAwMCwidXBkYXRlIjoxODAwMDAwMDAwMDAwfX0=",
          "dependencies": [
            "data.azurerm_resource_group.rg"
          ]
        }
      ]
    }
  ],
  "check_results": null
}
