{
  "version": 4,
  "terraform_version": "1.5.7",
  "serial": 20,
  "lineage": "2e0c060c-0bd3-694c-15ad-1c2adf84eb91",
  "outputs": {
    "azure_nameservers": {
      "value": [
        "ns1-08.azure-dns.com.",
        "ns2-08.azure-dns.net.",
        "ns3-08.azure-dns.org.",
        "ns4-08.azure-dns.info."
      ],
      "type": [
        "set",
        "string"
      ]
    },
    "public_ip_address": {
      "value": "4.251.108.32",
      "type": "string"
    }
  },
  "resources": [
    {
      "mode": "managed",
      "type": "azurerm_dns_a_record",
      "name": "mail",
      "provider": "provider[\"registry.terraform.io/hashicorp/azurerm\"]",
      "instances": [
        {
          "schema_version": 1,
          "attributes": {
            "fqdn": "mail.edeka-inforservice.duckdns.org.",
            "id": "/subscriptions/fcf45ce4-6585-4fb7-af52-3461e3a86d77/resourceGroups/eit-eh-polyport-dev/providers/Microsoft.Network/dnsZones/edeka-inforservice.duckdns.org/A/mail",
            "name": "mail",
            "records": [
              "4.251.108.32"
            ],
            "resource_group_name": "eit-eh-polyport-dev",
            "tags": {},
            "target_resource_id": "",
            "timeouts": null,
            "ttl": 300,
            "zone_name": "edeka-inforservice.duckdns.org"
          },
          "sensitive_attributes": [],
          "private": "eyJlMmJmYjczMC1lY2FhLTExZTYtOGY4OC0zNDM2M2JjN2M0YzAiOnsiY3JlYXRlIjoxODAwMDAwMDAwMDAwLCJkZWxldGUiOjE4MDAwMDAwMDAwMDAsInJlYWQiOjMwMDAwMDAwMDAwMCwidXBkYXRlIjoxODAwMDAwMDAwMDAwfSwic2NoZW1hX3ZlcnNpb24iOiIxIn0=",
          "dependencies": [
            "azurerm_dns_zone.main",
            "azurerm_public_ip.mail_service"
          ]
        }
      ]
    },
    {
      "mode": "managed",
      "type": "azurerm_dns_mx_record",
      "name": "primary",
      "provider": "provider[\"registry.terraform.io/hashicorp/azurerm\"]",
      "instances": [
        {
          "schema_version": 1,
          "attributes": {
            "fqdn": "edeka-inforservice.duckdns.org.",
            "id": "/subscriptions/fcf45ce4-6585-4fb7-af52-3461e3a86d77/resourceGroups/eit-eh-polyport-dev/providers/Microsoft.Network/dnsZones/edeka-inforservice.duckdns.org/MX/@",
            "name": "@",
            "record": [
              {
                "exchange": "mail.edeka-inforservice.duckdns.org.",
                "preference": "10"
              }
            ],
            "resource_group_name": "eit-eh-polyport-dev",
            "tags": {},
            "timeouts": null,
            "ttl": 3600,
            "zone_name": "edeka-inforservice.duckdns.org"
          },
          "sensitive_attributes": [],
          "private": "eyJlMmJmYjczMC1lY2FhLTExZTYtOGY4OC0zNDM2M2JjN2M0YzAiOnsiY3JlYXRlIjoxODAwMDAwMDAwMDAwLCJkZWxldGUiOjE4MDAwMDAwMDAwMDAsInJlYWQiOjMwMDAwMDAwMDAwMCwidXBkYXRlIjoxODAwMDAwMDAwMDAwfSwic2NoZW1hX3ZlcnNpb24iOiIxIn0=",
          "dependencies": [
            "azurerm_dns_zone.main"
          ]
        }
      ]
    },
    {
      "mode": "managed",
      "type": "azurerm_dns_txt_record",
      "name": "spf",
      "provider": "provider[\"registry.terraform.io/hashicorp/azurerm\"]",
      "instances": [
        {
          "schema_version": 1,
          "attributes": {
            "fqdn": "edeka-inforservice.duckdns.org.",
            "id": "/subscriptions/fcf45ce4-6585-4fb7-af52-3461e3a86d77/resourceGroups/eit-eh-polyport-dev/providers/Microsoft.Network/dnsZones/edeka-inforservice.duckdns.org/TXT/@",
            "name": "@",
            "record": [
              {
                "value": "v=spf1 ip4:4.251.108.32 -all"
              }
            ],
            "resource_group_name": "eit-eh-polyport-dev",
            "tags": {},
            "timeouts": null,
            "ttl": 3600,
            "zone_name": "edeka-inforservice.duckdns.org"
          },
          "sensitive_attributes": [],
          "private": "eyJlMmJmYjczMC1lY2FhLTExZTYtOGY4OC0zNDM2M2JjN2M0YzAiOnsiY3JlYXRlIjoxODAwMDAwMDAwMDAwLCJkZWxldGUiOjE4MDAwMDAwMDAwMDAsInJlYWQiOjMwMDAwMDAwMDAwMCwidXBkYXRlIjoxODAwMDAwMDAwMDAwfSwic2NoZW1hX3ZlcnNpb24iOiIxIn0=",
          "dependencies": [
            "azurerm_dns_zone.main",
            "azurerm_public_ip.mail_service"
          ]
        }
      ]
    },
    {
      "mode": "managed",
      "type": "azurerm_dns_zone",
      "name": "main",
      "provider": "provider[\"registry.terraform.io/hashicorp/azurerm\"]",
      "instances": [
        {
          "schema_version": 2,
          "attributes": {
            "id": "/subscriptions/fcf45ce4-6585-4fb7-af52-3461e3a86d77/resourceGroups/eit-eh-polyport-dev/providers/Microsoft.Network/dnsZones/edeka-inforservice.duckdns.org",
            "max_number_of_record_sets": 10000,
            "name": "edeka-inforservice.duckdns.org",
            "name_servers": [
              "ns1-08.azure-dns.com.",
              "ns2-08.azure-dns.net.",
              "ns3-08.azure-dns.org.",
              "ns4-08.azure-dns.info."
            ],
            "number_of_record_sets": 5,
            "resource_group_name": "eit-eh-polyport-dev",
            "soa_record": [
              {
                "email": "hostmaster.edeka-inforservice.duckdns.org",
                "expire_time": 2419200,
                "fqdn": "edeka-inforservice.duckdns.org.",
                "host_name": "ns1-08.azure-dns.com.",
                "minimum_ttl": 300,
                "refresh_time": 3600,
                "retry_time": 300,
                "serial_number": 1,
                "tags": {},
                "ttl": 3600
              }
            ],
            "tags": {},
            "timeouts": null
          },
          "sensitive_attributes": [],
          "private": "eyJlMmJmYjczMC1lY2FhLTExZTYtOGY4OC0zNDM2M2JjN2M0YzAiOnsiY3JlYXRlIjoxODAwMDAwMDAwMDAwLCJkZWxldGUiOjE4MDAwMDAwMDAwMDAsInJlYWQiOjMwMDAwMDAwMDAwMCwidXBkYXRlIjoxODAwMDAwMDAwMDAwfSwic2NoZW1hX3ZlcnNpb24iOiIyIn0="
        }
      ]
    },
    {
      "mode": "managed",
      "type": "azurerm_public_ip",
      "name": "mail_service",
      "provider": "provider[\"registry.terraform.io/hashicorp/azurerm\"]",
      "instances": [
        {
          "schema_version": 0,
          "attributes": {
            "allocation_method": "Static",
            "ddos_protection_mode": "VirtualNetworkInherited",
            "ddos_protection_plan_id": null,
            "domain_name_label": "mail-service-vm",
            "edge_zone": "",
            "fqdn": "mail-service-vm.francecentral.cloudapp.azure.com",
            "id": "/subscriptions/fcf45ce4-6585-4fb7-af52-3461e3a86d77/resourceGroups/eit-eh-polyport-dev/providers/Microsoft.Network/publicIPAddresses/mail-service-vm-pip",
            "idle_timeout_in_minutes": 4,
            "ip_address": "4.251.108.32",
            "ip_tags": {},
            "ip_version": "IPv4",
            "location": "francecentral",
            "name": "mail-service-vm-pip",
            "public_ip_prefix_id": null,
            "resource_group_name": "eit-eh-polyport-dev",
            "reverse_fqdn": "mail.edeka-inforservice.duckdns.org",
            "sku": "Standard",
            "sku_tier": "Regional",
            "tags": {
              "created_by": "terraform",
              "environment": "dev",
              "project": "polyport"
            },
            "timeouts": null,
            "zones": []
          },
          "sensitive_attributes": [],
          "private": "eyJlMmJmYjczMC1lY2FhLTExZTYtOGY4OC0zNDM2M2JjN2M0YzAiOnsiY3JlYXRlIjoxODAwMDAwMDAwMDAwLCJkZWxldGUiOjE4MDAwMDAwMDAwMDAsInJlYWQiOjMwMDAwMDAwMDAwMCwidXBkYXRlIjoxODAwMDAwMDAwMDAwfSwic2NoZW1hX3ZlcnNpb24iOiIwIn0="
        }
      ]
    }
  ],
  "check_results": null
}
