{
  "version": 4,
  "terraform_version": "1.5.7",
  "serial": 49,
  "lineage": "9f6d19f5-dc38-2411-aab5-856dbc97f510",
  "outputs": {
    "api_vm_private_ip": {
      "value": "10.50.1.5",
      "type": "string"
    },
    "api_vm_public_ip": {
      "value": "4.211.168.78",
      "type": "string"
    },
    "db_vm_private_ip": {
      "value": "10.50.1.4",
      "type": "string"
    },
    "db_vm_public_ip": {
      "value": "52.143.180.149",
      "type": "string"
    },
    "postfix_vm_private_ip": {
      "value": "10.50.1.6",
      "type": "string"
    },
    "postfix_vm_public_ip": {
      "value": "4.233.68.218",
      "type": "string"
    }
  },
  "resources": [
    {
      "mode": "data",
      "type": "azurerm_resource_group",
      "name": "rg",
      "provider": "provider[\"registry.terraform.io/hashicorp/azurerm\"]",
      "instances": [
        {
          "schema_version": 0,
          "attributes": {
            "id": "/subscriptions/fcf45ce4-6585-4fb7-af52-3461e3a86d77/resourceGroups/eit-eh-polyport-dev",
            "location": "francecentral",
            "managed_by": "",
            "name": "eit-eh-polyport-dev",
            "tags": {},
            "timeouts": null
          },
          "sensitive_attributes": []
        }
      ]
    },
    {
      "mode": "managed",
      "type": "azurerm_linux_virtual_machine",
      "name": "api_vm",
      "provider": "provider[\"registry.terraform.io/hashicorp/azurerm\"]",
      "instances": [
        {
          "schema_version": 0,
          "attributes": {
            "additional_capabilities": [],
            "admin_password": null,
            "admin_ssh_key": [
              {
                "public_key": "ssh-rsa AAAAB3NzaC1yc2EAAAADAQABAAABAQDg6D6t2QexnmWRvnrM+3L/xmN+lkFquNkA5dG4qVpOKvvbC13sEKGJgVDOjoyDRAF/YNPIPWEWQnv+h+8GVKA0sQnFuxzyMDdBbcbp94zHGadOlWKyLj46BeSsYSwxf/bYugJAMRpDJHzaU7SZP2J4icLB8N/TbgaGSkxGbLCO3f+RAULgfNb9bZ+b3ssVjTB90YsAXZYV2dK0WfTIp7alZxwj12jl14FjmN12jwCAgMRdmFvZHIW7wyd3a1CrEyxAfpIh7zGewHeK8+SkYDiIlBllBtxLfdwxZtyKKhby1IMCrpmHebMRBm7nkNJ/+dOhmqoBiIBR8hFO4EDotLTF",
                "username": "azureadmin"
              }
            ],
            "admin_username": "azureadmin",
            "allow_extension_operations": true,
            "availability_set_id": "",
            "boot_diagnostics": [],
            "bypass_platform_safety_checks_on_user_schedule_enabled": false,
            "capacity_reservation_group_id": "",
            "computer_name": "postfix-api-vm",
            "custom_data": null,
            "dedicated_host_group_id": "",
            "dedicated_host_id": "",
            "disable_password_authentication": true,
            "disk_controller_type": "SCSI",
            "edge_zone": "",
            "encryption_at_host_enabled": false,
            "eviction_policy": "",
            "extensions_time_budget": "PT1H30M",
            "gallery_application": [],
            "id": "/subscriptions/fcf45ce4-6585-4fb7-af52-3461e3a86d77/resourceGroups/eit-eh-polyport-dev/providers/Microsoft.Compute/virtualMachines/postfix-api-vm",
            "identity": [],
            "license_type": "",
            "location": "francecentral",
            "max_bid_price": -1,
            "name": "postfix-api-vm",
            "network_interface_ids": [
              "/subscriptions/fcf45ce4-6585-4fb7-af52-3461e3a86d77/resourceGroups/eit-eh-polyport-dev/providers/Microsoft.Network/networkInterfaces/postfix-api-vm-nic"
            ],
            "os_disk": [
              {
                "caching": "ReadWrite",
                "diff_disk_settings": [],
                "disk_encryption_set_id": "",
                "disk_size_gb": 30,
                "name": "postfix-api-vm_OsDisk_1_1fd15906d30946cea8840b77167ca4d7",
                "secure_vm_disk_encryption_set_id": "",
                "security_encryption_type": "",
                "storage_account_type": "Standard_LRS",
                "write_accelerator_enabled": false
              }
            ],
            "os_image_notification": [],
            "patch_assessment_mode": "ImageDefault",
            "patch_mode": "ImageDefault",
            "plan": [],
            "platform_fault_domain": -1,
            "priority": "Regular",
            "private_ip_address": "10.50.1.5",
            "private_ip_addresses": [
              "10.50.1.5"
            ],
            "provision_vm_agent": true,
            "proximity_placement_group_id": "",
            "public_ip_address": "4.211.168.78",
            "public_ip_addresses": [
              "4.211.168.78"
            ],
            "reboot_setting": "",
            "resource_group_name": "eit-eh-polyport-dev",
            "secret": [],
            "secure_boot_enabled": false,
            "size": "Standard_B1s",
            "source_image_id": "",
            "source_image_reference": [
              {
                "offer": "0001-com-ubuntu-server-jammy",
                "publisher": "Canonical",
                "sku": "22_04-lts-gen2",
                "version": "latest"
              }
            ],
            "tags": {
              "created_by": "terraform",
              "environment": "dev",
              "project": "polyport"
            },
            "termination_notification": null,
            "timeouts": null,
            "user_data": "",
            "virtual_machine_id": "bb4dfd74-d7c2-4235-8381-6f1d51c41a67",
            "virtual_machine_scale_set_id": "",
            "vm_agent_platform_updates_enabled": false,
            "vtpm_enabled": false,
            "zone": ""
          },
          "sensitive_attributes": [],
          "private": "eyJlMmJmYjczMC1lY2FhLTExZTYtOGY4OC0zNDM2M2JjN2M0YzAiOnsiY3JlYXRlIjoyNzAwMDAwMDAwMDAwLCJkZWxldGUiOjI3MDAwMDAwMDAwMDAsInJlYWQiOjMwMDAwMDAwMDAwMCwidXBkYXRlIjoyNzAwMDAwMDAwMDAwfX0=",
          "dependencies": [
            "azurerm_network_interface.api_vm_nic",
            "data.azurerm_resource_group.rg"
          ]
        }
      ]
    },
    {
      "mode": "managed",
      "type": "azurerm_linux_virtual_machine",
      "name": "db_vm",
      "provider": "provider[\"registry.terraform.io/hashicorp/azurerm\"]",
      "instances": [
        {
          "schema_version": 0,
          "attributes": {
            "additional_capabilities": [],
            "admin_password": null,
            "admin_ssh_key": [
              {
                "public_key": "ssh-rsa AAAAB3NzaC1yc2EAAAADAQABAAABAQDg6D6t2QexnmWRvnrM+3L/xmN+lkFquNkA5dG4qVpOKvvbC13sEKGJgVDOjoyDRAF/YNPIPWEWQnv+h+8GVKA0sQnFuxzyMDdBbcbp94zHGadOlWKyLj46BeSsYSwxf/bYugJAMRpDJHzaU7SZP2J4icLB8N/TbgaGSkxGbLCO3f+RAULgfNb9bZ+b3ssVjTB90YsAXZYV2dK0WfTIp7alZxwj12jl14FjmN12jwCAgMRdmFvZHIW7wyd3a1CrEyxAfpIh7zGewHeK8+SkYDiIlBllBtxLfdwxZtyKKhby1IMCrpmHebMRBm7nkNJ/+dOhmqoBiIBR8hFO4EDotLTF",
                "username": "azureadmin"
              }
            ],
            "admin_username": "azureadmin",
            "allow_extension_operations": true,
            "availability_set_id": "",
            "boot_diagnostics": [],
            "bypass_platform_safety_checks_on_user_schedule_enabled": false,
            "capacity_reservation_group_id": "",
            "computer_name": "postgres-db-vm",
            "custom_data": null,
            "dedicated_host_group_id": "",
            "dedicated_host_id": "",
            "disable_password_authentication": true,
            "disk_controller_type": "SCSI",
            "edge_zone": "",
            "encryption_at_host_enabled": false,
            "eviction_policy": "",
            "extensions_time_budget": "PT1H30M",
            "gallery_application": [],
            "id": "/subscriptions/fcf45ce4-6585-4fb7-af52-3461e3a86d77/resourceGroups/eit-eh-polyport-dev/providers/Microsoft.Compute/virtualMachines/postgres-db-vm",
            "identity": [],
            "license_type": "",
            "location": "francecentral",
            "max_bid_price": -1,
            "name": "postgres-db-vm",
            "network_interface_ids": [
              "/subscriptions/fcf45ce4-6585-4fb7-af52-3461e3a86d77/resourceGroups/eit-eh-polyport-dev/providers/Microsoft.Network/networkInterfaces/postgres-db-vm-nic"
            ],
            "os_disk": [
              {
                "caching": "ReadWrite",
                "diff_disk_settings": [],
                "disk_encryption_set_id": "",
                "disk_size_gb": 30,
                "name": "postgres-db-vm_OsDisk_1_e7117298f201470cb679e53a75e4fb45",
                "secure_vm_disk_encryption_set_id": "",
                "security_encryption_type": "",
                "storage_account_type": "Standard_LRS",
                "write_accelerator_enabled": false
              }
            ],
            "os_image_notification": [],
            "patch_assessment_mode": "ImageDefault",
            "patch_mode": "ImageDefault",
            "plan": [],
            "platform_fault_domain": -1,
            "priority": "Regular",
            "private_ip_address": "10.50.1.4",
            "private_ip_addresses": [
              "10.50.1.4"
            ],
            "provision_vm_agent": true,
            "proximity_placement_group_id": "",
            "public_ip_address": "52.143.180.149",
            "public_ip_addresses": [
              "52.143.180.149"
            ],
            "reboot_setting": "",
            "resource_group_name": "eit-eh-polyport-dev",
            "secret": [],
            "secure_boot_enabled": false,
            "size": "Standard_B1s",
            "source_image_id": "",
            "source_image_reference": [
              {
                "offer": "0001-com-ubuntu-server-jammy",
                "publisher": "Canonical",
                "sku": "22_04-lts-gen2",
                "version": "latest"
              }
            ],
            "tags": {
              "created_by": "terraform",
              "environment": "dev",
              "project": "polyport"
            },
            "termination_notification": null,
            "timeouts": null,
            "user_data": "",
            "virtual_machine_id": "7fb3d79f-16ca-4d99-a3b4-1f78c8da502e",
            "virtual_machine_scale_set_id": "",
            "vm_agent_platform_updates_enabled": false,
            "vtpm_enabled": false,
            "zone": ""
          },
          "sensitive_attributes": [],
          "private": "eyJlMmJmYjczMC1lY2FhLTExZTYtOGY4OC0zNDM2M2JjN2M0YzAiOnsiY3JlYXRlIjoyNzAwMDAwMDAwMDAwLCJkZWxldGUiOjI3MDAwMDAwMDAwMDAsInJlYWQiOjMwMDAwMDAwMDAwMCwidXBkYXRlIjoyNzAwMDAwMDAwMDAwfX0=",
          "dependencies": [
            "azurerm_network_interface.db_vm_nic",
            "data.azurerm_resource_group.rg"
          ]
        }
      ]
    },
    {
      "mode": "managed",
      "type": "azurerm_linux_virtual_machine",
      "name": "postfix_vm",
      "provider": "provider[\"registry.terraform.io/hashicorp/azurerm\"]",
      "instances": [
        {
          "schema_version": 0,
          "attributes": {
            "additional_capabilities": [],
            "admin_password": null,
            "admin_ssh_key": [
              {
                "public_key": "ssh-rsa AAAAB3NzaC1yc2EAAAADAQABAAABAQDg6D6t2QexnmWRvnrM+3L/xmN+lkFquNkA5dG4qVpOKvvbC13sEKGJgVDOjoyDRAF/YNPIPWEWQnv+h+8GVKA0sQnFuxzyMDdBbcbp94zHGadOlWKyLj46BeSsYSwxf/bYugJAMRpDJHzaU7SZP2J4icLB8N/TbgaGSkxGbLCO3f+RAULgfNb9bZ+b3ssVjTB90YsAXZYV2dK0WfTIp7alZxwj12jl14FjmN12jwCAgMRdmFvZHIW7wyd3a1CrEyxAfpIh7zGewHeK8+SkYDiIlBllBtxLfdwxZtyKKhby1IMCrpmHebMRBm7nkNJ/+dOhmqoBiIBR8hFO4EDotLTF",
                "username": "azureadmin"
              }
            ],
            "admin_username": "azureadmin",
            "allow_extension_operations": true,
            "availability_set_id": "",
            "boot_diagnostics": [],
            "bypass_platform_safety_checks_on_user_schedule_enabled": false,
            "capacity_reservation_group_id": "",
            "computer_name": "postfix-mail-vm",
            "custom_data": null,
            "dedicated_host_group_id": "",
            "dedicated_host_id": "",
            "disable_password_authentication": true,
            "disk_controller_type": "SCSI",
            "edge_zone": "",
            "encryption_at_host_enabled": false,
            "eviction_policy": "",
            "extensions_time_budget": "PT1H30M",
            "gallery_application": [],
            "id": "/subscriptions/fcf45ce4-6585-4fb7-af52-3461e3a86d77/resourceGroups/eit-eh-polyport-dev/providers/Microsoft.Compute/virtualMachines/postfix-mail-vm",
            "identity": [],
            "license_type": "",
            "location": "francecentral",
            "max_bid_price": -1,
            "name": "postfix-mail-vm",
            "network_interface_ids": [
              "/subscriptions/fcf45ce4-6585-4fb7-af52-3461e3a86d77/resourceGroups/eit-eh-polyport-dev/providers/Microsoft.Network/networkInterfaces/postfix-mail-vm-nic"
            ],
            "os_disk": [
              {
                "caching": "ReadWrite",
                "diff_disk_settings": [],
                "disk_encryption_set_id": "",
                "disk_size_gb": 30,
                "name": "postfix-mail-vm_OsDisk_1_ee6a9132b06141a89488e1fa8e59e4f4",
                "secure_vm_disk_encryption_set_id": "",
                "security_encryption_type": "",
                "storage_account_type": "Standard_LRS",
                "write_accelerator_enabled": false
              }
            ],
            "os_image_notification": [],
            "patch_assessment_mode": "ImageDefault",
            "patch_mode": "ImageDefault",
            "plan": [],
            "platform_fault_domain": -1,
            "priority": "Regular",
            "private_ip_address": "10.50.1.6",
            "private_ip_addresses": [
              "10.50.1.6"
            ],
            "provision_vm_agent": true,
            "proximity_placement_group_id": "",
            "public_ip_address": "4.233.68.218",
            "public_ip_addresses": [
              "4.233.68.218"
            ],
            "reboot_setting": "",
            "resource_group_name": "eit-eh-polyport-dev",
            "secret": [],
            "secure_boot_enabled": false,
            "size": "Standard_B1s",
            "source_image_id": "",
            "source_image_reference": [
              {
                "offer": "0001-com-ubuntu-server-jammy",
                "publisher": "Canonical",
                "sku": "22_04-lts-gen2",
                "version": "latest"
              }
            ],
            "tags": {
              "created_by": "terraform",
              "environment": "dev",
              "project": "polyport"
            },
            "termination_notification": null,
            "timeouts": null,
            "user_data": "",
            "virtual_machine_id": "99882849-c4df-4f66-8093-b938d091140c",
            "virtual_machine_scale_set_id": "",
            "vm_agent_platform_updates_enabled": false,
            "vtpm_enabled": false,
            "zone": ""
          },
          "sensitive_attributes": [],
          "private": "eyJlMmJmYjczMC1lY2FhLTExZTYtOGY4OC0zNDM2M2JjN2M0YzAiOnsiY3JlYXRlIjoyNzAwMDAwMDAwMDAwLCJkZWxldGUiOjI3MDAwMDAwMDAwMDAsInJlYWQiOjMwMDAwMDAwMDAwMCwidXBkYXRlIjoyNzAwMDAwMDAwMDAwfX0=",
          "dependencies": [
            "azurerm_network_interface.postfix_vm_nic",
            "azurerm_public_ip.postfix_vm_pip",
            "azurerm_subnet.vm_subnet",
            "data.azurerm_resource_group.rg"
          ]
        }
      ]
    },
    {
      "mode": "managed",
      "type": "azurerm_network_interface",
      "name": "api_vm_nic",
      "provider": "provider[\"registry.terraform.io/hashicorp/azurerm\"]",
      "instances": [
        {
          "schema_version": 0,
          "attributes": {
            "accelerated_networking_enabled": false,
            "applied_dns_servers": [],
            "auxiliary_mode": "",
            "auxiliary_sku": "",
            "dns_servers": [],
            "edge_zone": "",
            "enable_accelerated_networking": false,
            "enable_ip_forwarding": false,
            "id": "/subscriptions/fcf45ce4-6585-4fb7-af52-3461e3a86d77/resourceGroups/eit-eh-polyport-dev/providers/Microsoft.Network/networkInterfaces/postfix-api-vm-nic",
            "internal_dns_name_label": "",
            "internal_domain_name_suffix": "y5oolij1ayouhnm4g1qwtpmmna.parx.internal.cloudapp.net",
            "ip_configuration": [
              {
                "gateway_load_balancer_frontend_ip_configuration_id": "",
                "name": "internal",
                "primary": true,
                "private_ip_address": "10.50.1.5",
                "private_ip_address_allocation": "Dynamic",
                "private_ip_address_version": "IPv4",
                "public_ip_address_id": "/subscriptions/fcf45ce4-6585-4fb7-af52-3461e3a86d77/resourceGroups/eit-eh-polyport-dev/providers/Microsoft.Network/publicIPAddresses/postfix-api-vm-pip",
                "subnet_id": "/subscriptions/fcf45ce4-6585-4fb7-af52-3461e3a86d77/resourceGroups/eit-eh-polyport-dev/providers/Microsoft.Network/virtualNetworks/polyport-vnet/subnets/vm-subnet"
              }
            ],
            "ip_forwarding_enabled": false,
            "location": "francecentral",
            "mac_address": "00-0D-3A-89-BB-51",
            "name": "postfix-api-vm-nic",
            "private_ip_address": "10.50.1.5",
            "private_ip_addresses": [
              "10.50.1.5"
            ],
            "resource_group_name": "eit-eh-polyport-dev",
            "tags": {
              "created_by": "terraform",
              "environment": "dev",
              "project": "polyport"
            },
            "timeouts": null,
            "virtual_machine_id": "/subscriptions/fcf45ce4-6585-4fb7-af52-3461e3a86d77/resourceGroups/eit-eh-polyport-dev/providers/Microsoft.Compute/virtualMachines/postfix-api-vm"
          },
          "sensitive_attributes": [],
          "private": "eyJlMmJmYjczMC1lY2FhLTExZTYtOGY4OC0zNDM2M2JjN2M0YzAiOnsiY3JlYXRlIjoxODAwMDAwMDAwMDAwLCJkZWxldGUiOjE4MDAwMDAwMDAwMDAsInJlYWQiOjMwMDAwMDAwMDAwMCwidXBkYXRlIjoxODAwMDAwMDAwMDAwfX0=",
          "dependencies": [
            "azurerm_public_ip.api_vm_pip",
            "azurerm_subnet.vm_subnet",
            "azurerm_virtual_network.vnet",
            "data.azurerm_resource_group.rg"
          ]
        }
      ]
    },
    {
      "mode": "managed",
      "type": "azurerm_network_interface",
      "name": "db_vm_nic",
      "provider": "provider[\"registry.terraform.io/hashicorp/azurerm\"]",
      "instances": [
        {
          "schema_version": 0,
          "attributes": {
            "accelerated_networking_enabled": false,
            "applied_dns_servers": [],
            "auxiliary_mode": "",
            "auxiliary_sku": "",
            "dns_servers": [],
            "edge_zone": "",
            "enable_accelerated_networking": false,
            "enable_ip_forwarding": false,
            "id": "/subscriptions/fcf45ce4-6585-4fb7-af52-3461e3a86d77/resourceGroups/eit-eh-polyport-dev/providers/Microsoft.Network/networkInterfaces/postgres-db-vm-nic",
            "internal_dns_name_label": "",
            "internal_domain_name_suffix": "y5oolij1ayouhnm4g1qwtpmmna.parx.internal.cloudapp.net",
            "ip_configuration": [
              {
                "gateway_load_balancer_frontend_ip_configuration_id": "",
                "name": "internal",
                "primary": true,
                "private_ip_address": "10.50.1.4",
                "private_ip_address_allocation": "Dynamic",
                "private_ip_address_version": "IPv4",
                "public_ip_address_id": "/subscriptions/fcf45ce4-6585-4fb7-af52-3461e3a86d77/resourceGroups/eit-eh-polyport-dev/providers/Microsoft.Network/publicIPAddresses/postgres-db-vm-pip",
                "subnet_id": "/subscriptions/fcf45ce4-6585-4fb7-af52-3461e3a86d77/resourceGroups/eit-eh-polyport-dev/providers/Microsoft.Network/virtualNetworks/polyport-vnet/subnets/vm-subnet"
              }
            ],
            "ip_forwarding_enabled": false,
            "location": "francecentral",
            "mac_address": "60-45-BD-6B-CB-CA",
            "name": "postgres-db-vm-nic",
            "private_ip_address": "10.50.1.4",
            "private_ip_addresses": [
              "10.50.1.4"
            ],
            "resource_group_name": "eit-eh-polyport-dev",
            "tags": {
              "created_by": "terraform",
              "environment": "dev",
              "project": "polyport"
            },
            "timeouts": null,
            "virtual_machine_id": "/subscriptions/fcf45ce4-6585-4fb7-af52-3461e3a86d77/resourceGroups/eit-eh-polyport-dev/providers/Microsoft.Compute/virtualMachines/postgres-db-vm"
          },
          "sensitive_attributes": [],
          "private": "eyJlMmJmYjczMC1lY2FhLTExZTYtOGY4OC0zNDM2M2JjN2M0YzAiOnsiY3JlYXRlIjoxODAwMDAwMDAwMDAwLCJkZWxldGUiOjE4MDAwMDAwMDAwMDAsInJlYWQiOjMwMDAwMDAwMDAwMCwidXBkYXRlIjoxODAwMDAwMDAwMDAwfX0=",
          "dependencies": [
            "azurerm_public_ip.db_vm_pip",
            "azurerm_subnet.vm_subnet",
            "azurerm_virtual_network.vnet",
            "data.azurerm_resource_group.rg"
          ]
        }
      ]
    },
    {
      "mode": "managed",
      "type": "azurerm_network_interface",
      "name": "postfix_vm_nic",
      "provider": "provider[\"registry.terraform.io/hashicorp/azurerm\"]",
      "instances": [
        {
          "schema_version": 0,
          "attributes": {
            "accelerated_networking_enabled": false,
            "applied_dns_servers": [],
            "auxiliary_mode": "",
            "auxiliary_sku": "",
            "dns_servers": [],
            "edge_zone": "",
            "enable_accelerated_networking": false,
            "enable_ip_forwarding": false,
            "id": "/subscriptions/fcf45ce4-6585-4fb7-af52-3461e3a86d77/resourceGroups/eit-eh-polyport-dev/providers/Microsoft.Network/networkInterfaces/postfix-mail-vm-nic",
            "internal_dns_name_label": "",
            "internal_domain_name_suffix": "y5oolij1ayouhnm4g1qwtpmmna.parx.internal.cloudapp.net",
            "ip_configuration": [
              {
                "gateway_load_balancer_frontend_ip_configuration_id": "",
                "name": "internal",
                "primary": true,
                "private_ip_address": "10.50.1.6",
                "private_ip_address_allocation": "Dynamic",
                "private_ip_address_version": "IPv4",
                "public_ip_address_id": "/subscriptions/fcf45ce4-6585-4fb7-af52-3461e3a86d77/resourceGroups/eit-eh-polyport-dev/providers/Microsoft.Network/publicIPAddresses/postfix-mail-vm-pip",
                "subnet_id": "/subscriptions/fcf45ce4-6585-4fb7-af52-3461e3a86d77/resourceGroups/eit-eh-polyport-dev/providers/Microsoft.Network/virtualNetworks/polyport-vnet/subnets/vm-subnet"
              }
            ],
            "ip_forwarding_enabled": false,
            "location": "francecentral",
            "mac_address": "",
            "name": "postfix-mail-vm-nic",
            "private_ip_address": "10.50.1.6",
            "private_ip_addresses": [
              "10.50.1.6"
            ],
            "resource_group_name": "eit-eh-polyport-dev",
            "tags": {
              "created_by": "terraform",
              "environment": "dev",
              "project": "polyport"
            },
            "timeouts": null,
            "virtual_machine_id": ""
          },
          "sensitive_attributes": [],
          "private": "eyJlMmJmYjczMC1lY2FhLTExZTYtOGY4OC0zNDM2M2JjN2M0YzAiOnsiY3JlYXRlIjoxODAwMDAwMDAwMDAwLCJkZWxldGUiOjE4MDAwMDAwMDAwMDAsInJlYWQiOjMwMDAwMDAwMDAwMCwidXBkYXRlIjoxODAwMDAwMDAwMDAwfX0=",
          "dependencies": [
            "azurerm_public_ip.postfix_vm_pip",
            "azurerm_subnet.vm_subnet",
            "data.azurerm_resource_group.rg"
          ]
        }
      ]
    },
    {
      "mode": "managed",
      "type": "azurerm_network_interface_security_group_association",
      "name": "api_nic_nsg_assoc",
      "provider": "provider[\"registry.terraform.io/hashicorp/azurerm\"]",
      "instances": [
        {
          "schema_version": 0,
          "attributes": {
            "id": "/subscriptions/fcf45ce4-6585-4fb7-af52-3461e3a86d77/resourceGroups/eit-eh-polyport-dev/providers/Microsoft.Network/networkInterfaces/postfix-api-vm-nic|/subscriptions/fcf45ce4-6585-4fb7-af52-3461e3a86d77/resourceGroups/eit-eh-polyport-dev/providers/Microsoft.Network/networkSecurityGroups/vm-application-nsg",
            "network_interface_id": "/subscriptions/fcf45ce4-6585-4fb7-af52-3461e3a86d77/resourceGroups/eit-eh-polyport-dev/providers/Microsoft.Network/networkInterfaces/postfix-api-vm-nic",
            "network_security_group_id": "/subscriptions/fcf45ce4-6585-4fb7-af52-3461e3a86d77/resourceGroups/eit-eh-polyport-dev/providers/Microsoft.Network/networkSecurityGroups/vm-application-nsg",
            "timeouts": null
          },
          "sensitive_attributes": [],
          "private": "eyJlMmJmYjczMC1lY2FhLTExZTYtOGY4OC0zNDM2M2JjN2M0YzAiOnsiY3JlYXRlIjoxODAwMDAwMDAwMDAwLCJkZWxldGUiOjE4MDAwMDAwMDAwMDAsInJlYWQiOjMwMDAwMDAwMDAwMH19",
          "dependencies": [
            "azurerm_network_interface.api_vm_nic",
            "azurerm_network_security_group.vm_nsg",
            "azurerm_public_ip.api_vm_pip",
            "azurerm_subnet.vm_subnet",
            "azurerm_virtual_network.vnet",
            "data.azurerm_resource_group.rg"
          ]
        }
      ]
    },
    {
      "mode": "managed",
      "type": "azurerm_network_interface_security_group_association",
      "name": "db_nic_nsg_assoc",
      "provider": "provider[\"registry.terraform.io/hashicorp/azurerm\"]",
      "instances": [
        {
          "schema_version": 0,
          "attributes": {
            "id": "/subscriptions/fcf45ce4-6585-4fb7-af52-3461e3a86d77/resourceGroups/eit-eh-polyport-dev/providers/Microsoft.Network/networkInterfaces/postgres-db-vm-nic|/subscriptions/fcf45ce4-6585-4fb7-af52-3461e3a86d77/resourceGroups/eit-eh-polyport-dev/providers/Microsoft.Network/networkSecurityGroups/vm-application-nsg",
            "network_interface_id": "/subscriptions/fcf45ce4-6585-4fb7-af52-3461e3a86d77/resourceGroups/eit-eh-polyport-dev/providers/Microsoft.Network/networkInterfaces/postgres-db-vm-nic",
            "network_security_group_id": "/subscriptions/fcf45ce4-6585-4fb7-af52-3461e3a86d77/resourceGroups/eit-eh-polyport-dev/providers/Microsoft.Network/networkSecurityGroups/vm-application-nsg",
            "timeouts": null
          },
          "sensitive_attributes": [],
          "private": "eyJlMmJmYjczMC1lY2FhLTExZTYtOGY4OC0zNDM2M2JjN2M0YzAiOnsiY3JlYXRlIjoxODAwMDAwMDAwMDAwLCJkZWxldGUiOjE4MDAwMDAwMDAwMDAsInJlYWQiOjMwMDAwMDAwMDAwMH19",
          "dependencies": [
            "azurerm_network_interface.db_vm_nic",
            "azurerm_network_security_group.vm_nsg",
            "azurerm_public_ip.db_vm_pip",
            "azurerm_subnet.vm_subnet",
            "azurerm_virtual_network.vnet",
            "data.azurerm_resource_group.rg"
          ]
        }
      ]
    },
    {
      "mode": "managed",
      "type": "azurerm_network_interface_security_group_association",
      "name": "postfix_nic_nsg_assoc",
      "provider": "provider[\"registry.terraform.io/hashicorp/azurerm\"]",
      "instances": [
        {
          "schema_version": 0,
          "attributes": {
            "id": "/subscriptions/fcf45ce4-6585-4fb7-af52-3461e3a86d77/resourceGroups/eit-eh-polyport-dev/providers/Microsoft.Network/networkInterfaces/postfix-mail-vm-nic|/subscriptions/fcf45ce4-6585-4fb7-af52-3461e3a86d77/resourceGroups/eit-eh-polyport-dev/providers/Microsoft.Network/networkSecurityGroups/vm-application-nsg",
            "network_interface_id": "/subscriptions/fcf45ce4-6585-4fb7-af52-3461e3a86d77/resourceGroups/eit-eh-polyport-dev/providers/Microsoft.Network/networkInterfaces/postfix-mail-vm-nic",
            "network_security_group_id": "/subscriptions/fcf45ce4-6585-4fb7-af52-3461e3a86d77/resourceGroups/eit-eh-polyport-dev/providers/Microsoft.Network/networkSecurityGroups/vm-application-nsg",
            "timeouts": null
          },
          "sensitive_attributes": [],
          "private": "eyJlMmJmYjczMC1lY2FhLTExZTYtOGY4OC0zNDM2M2JjN2M0YzAiOnsiY3JlYXRlIjoxODAwMDAwMDAwMDAwLCJkZWxldGUiOjE4MDAwMDAwMDAwMDAsInJlYWQiOjMwMDAwMDAwMDAwMH19",
          "dependencies": [
            "azurerm_network_interface.postfix_vm_nic",
            "azurerm_network_security_group.vm_nsg",
            "azurerm_public_ip.postfix_vm_pip",
            "azurerm_subnet.vm_subnet",
            "data.azurerm_resource_group.rg"
          ]
        }
      ]
    },
    {
      "mode": "managed",
      "type": "azurerm_network_security_group",
      "name": "vm_nsg",
      "provider": "provider[\"registry.terraform.io/hashicorp/azurerm\"]",
      "instances": [
        {
          "schema_version": 0,
          "attributes": {
            "id": "/subscriptions/fcf45ce4-6585-4fb7-af52-3461e3a86d77/resourceGroups/eit-eh-polyport-dev/providers/Microsoft.Network/networkSecurityGroups/vm-application-nsg",
            "location": "francecentral",
            "name": "vm-application-nsg",
            "resource_group_name": "eit-eh-polyport-dev",
            "security_rule": [
              {
                "access": "Allow",
                "description": "",
                "destination_address_prefix": "*",
                "destination_address_prefixes": [],
                "destination_application_security_group_ids": [],
                "destination_port_range": "22",
                "destination_port_ranges": [],
                "direction": "Inbound",
                "name": "AllowSSHFromAdmin",
                "priority": 100,
                "protocol": "Tcp",
                "source_address_prefix": "91.21.30.141/32",
                "source_address_prefixes": [],
                "source_application_security_group_ids": [],
                "source_port_range": "*",
                "source_port_ranges": []
              },
              {
                "access": "Allow",
                "description": "",
                "destination_address_prefix": "*",
                "destination_address_prefixes": [],
                "destination_application_security_group_ids": [],
                "destination_port_range": "25",
                "destination_port_ranges": [],
                "direction": "Inbound",
                "name": "AllowSMTPInbound",
                "priority": 300,
                "protocol": "Tcp",
                "source_address_prefix": "Internet",
                "source_address_prefixes": [],
                "source_application_security_group_ids": [],
                "source_port_range": "*",
                "source_port_ranges": []
              },
              {
                "access": "Allow",
                "description": "",
                "destination_address_prefix": "*",
                "destination_address_prefixes": [],
                "destination_application_security_group_ids": [],
                "destination_port_range": "587",
                "destination_port_ranges": [],
                "direction": "Inbound",
                "name": "AllowSubmissionFromVnet",
                "priority": 301,
                "protocol": "Tcp",
                "source_address_prefix": "VirtualNetwork",
                "source_address_prefixes": [],
                "source_application_security_group_ids": [],
                "source_port_range": "*",
                "source_port_ranges": []
              },
              {
                "access": "Allow",
                "description": null,
                "destination_address_prefix": "*",
                "destination_address_prefixes": [],
                "destination_application_security_group_ids": [],
                "destination_port_range": "22",
                "destination_port_ranges": [],
                "direction": "Inbound",
                "name": "AllowSSHFromAnsibleVM",
                "priority": 101,
                "protocol": "Tcp",
                "source_address_prefix": "4.233.100.91/32",
                "source_address_prefixes": [],
                "source_application_security_group_ids": [],
                "source_port_range": "*",
                "source_port_ranges": []
              },
              {
                "access": "Allow",
                "description": null,
                "destination_address_prefix": "*",
                "destination_address_prefixes": [],
                "destination_application_security_group_ids": [],
                "destination_port_range": "22",
                "destination_port_ranges": [],
                "direction": "Inbound",
                "name": "AllowSSH_IPv6",
                "priority": 110,
                "protocol": "Tcp",
                "source_address_prefix": "2001:4860:7:1410::f4/128",
                "source_address_prefixes": [],
                "source_application_security_group_ids": [],
                "source_port_range": "*",
                "source_port_ranges": []
              }
            ],
            "tags": {
              "created_by": "terraform",
              "environment": "dev",
              "project": "polyport"
            },
            "timeouts": null
          },
          "sensitive_attributes": [],
          "private": "eyJlMmJmYjczMC1lY2FhLTExZTYtOGY4OC0zNDM2M2JjN2M0YzAiOnsiY3JlYXRlIjoxODAwMDAwMDAwMDAwLCJkZWxldGUiOjE4MDAwMDAwMDAwMDAsInJlYWQiOjMwMDAwMDAwMDAwMCwidXBkYXRlIjoxODAwMDAwMDAwMDAwfX0=",
          "dependencies": [
            "data.azurerm_resource_group.rg"
          ]
        }
      ]
    },
    {
      "mode": "managed",
      "type": "azurerm_public_ip",
      "name": "api_vm_pip",
      "provider": "provider[\"registry.terraform.io/hashicorp/azurerm\"]",
      "instances": [
        {
          "schema_version": 0,
          "attributes": {
            "allocation_method": "Static",
            "ddos_protection_mode": "VirtualNetworkInherited",
            "ddos_protection_plan_id": null,
            "domain_name_label": null,
            "edge_zone": "",
            "fqdn": null,
            "id": "/subscriptions/fcf45ce4-6585-4fb7-af52-3461e3a86d77/resourceGroups/eit-eh-polyport-dev/providers/Microsoft.Network/publicIPAddresses/postfix-api-vm-pip",
            "idle_timeout_in_minutes": 4,
            "ip_address": "4.211.168.78",
            "ip_tags": {},
            "ip_version": "IPv4",
            "location": "francecentral",
            "name": "postfix-api-vm-pip",
            "public_ip_prefix_id": null,
            "resource_group_name": "eit-eh-polyport-dev",
            "reverse_fqdn": null,
            "sku": "Standard",
            "sku_tier": "Regional",
            "tags": {
              "created_by": "terraform",
              "environment": "dev",
              "project": "polyport"
            },
            "timeouts": null,
            "zones": []
          },
          "sensitive_attributes": [],
          "private": "eyJlMmJmYjczMC1lY2FhLTExZTYtOGY4OC0zNDM2M2JjN2M0YzAiOnsiY3JlYXRlIjoxODAwMDAwMDAwMDAwLCJkZWxldGUiOjE4MDAwMDAwMDAwMDAsInJlYWQiOjMwMDAwMDAwMDAwMCwidXBkYXRlIjoxODAwMDAwMDAwMDAwfX0=",
          "dependencies": [
            "data.azurerm_resource_group.rg"
          ]
        }
      ]
    },
    {
      "mode": "managed",
      "type": "azurerm_public_ip",
      "name": "db_vm_pip",
      "provider": "provider[\"registry.terraform.io/hashicorp/azurerm\"]",
      "instances": [
        {
          "schema_version": 0,
          "attributes": {
            "allocation_method": "Static",
            "ddos_protection_mode": "VirtualNetworkInherited",
            "ddos_protection_plan_id": null,
            "domain_name_label": null,
            "edge_zone": "",
            "fqdn": null,
            "id": "/subscriptions/fcf45ce4-6585-4fb7-af52-3461e3a86d77/resourceGroups/eit-eh-polyport-dev/providers/Microsoft.Network/publicIPAddresses/postgres-db-vm-pip",
            "idle_timeout_in_minutes": 4,
            "ip_address": "52.143.180.149",
            "ip_tags": {},
            "ip_version": "IPv4",
            "location": "francecentral",
            "name": "postgres-db-vm-pip",
            "public_ip_prefix_id": null,
            "resource_group_name": "eit-eh-polyport-dev",
            "reverse_fqdn": null,
            "sku": "Standard",
            "sku_tier": "Regional",
            "tags": {
              "created_by": "terraform",
              "environment": "dev",
              "project": "polyport"
            },
            "timeouts": null,
            "zones": []
          },
          "sensitive_attributes": [],
          "private": "eyJlMmJmYjczMC1lY2FhLTExZTYtOGY4OC0zNDM2M2JjN2M0YzAiOnsiY3JlYXRlIjoxODAwMDAwMDAwMDAwLCJkZWxldGUiOjE4MDAwMDAwMDAwMDAsInJlYWQiOjMwMDAwMDAwMDAwMCwidXBkYXRlIjoxODAwMDAwMDAwMDAwfX0=",
          "dependencies": [
            "data.azurerm_resource_group.rg"
          ]
        }
      ]
    },
    {
      "mode": "managed",
      "type": "azurerm_public_ip",
      "name": "postfix_vm_pip",
      "provider": "provider[\"registry.terraform.io/hashicorp/azurerm\"]",
      "instances": [
        {
          "schema_version": 0,
          "attributes": {
            "allocation_method": "Static",
            "ddos_protection_mode": "VirtualNetworkInherited",
            "ddos_protection_plan_id": null,
            "domain_name_label": null,
            "edge_zone": "",
            "fqdn": null,
            "id": "/subscriptions/fcf45ce4-6585-4fb7-af52-3461e3a86d77/resourceGroups/eit-eh-polyport-dev/providers/Microsoft.Network/publicIPAddresses/postfix-mail-vm-pip",
            "idle_timeout_in_minutes": 4,
            "ip_address": "4.233.68.218",
            "ip_tags": null,
            "ip_version": "IPv4",
            "location": "francecentral",
            "name": "postfix-mail-vm-pip",
            "public_ip_prefix_id": null,
            "resource_group_name": "eit-eh-polyport-dev",
            "reverse_fqdn": null,
            "sku": "Standard",
            "sku_tier": "Regional",
            "tags": {
              "created_by": "terraform",
              "environment": "dev",
              "project": "polyport"
            },
            "timeouts": null,
            "zones": null
          },
          "sensitive_attributes": [],
          "private": "eyJlMmJmYjczMC1lY2FhLTExZTYtOGY4OC0zNDM2M2JjN2M0YzAiOnsiY3JlYXRlIjoxODAwMDAwMDAwMDAwLCJkZWxldGUiOjE4MDAwMDAwMDAwMDAsInJlYWQiOjMwMDAwMDAwMDAwMCwidXBkYXRlIjoxODAwMDAwMDAwMDAwfX0=",
          "dependencies": [
            "data.azurerm_resource_group.rg"
          ]
        }
      ]
    },
    {
      "mode": "managed",
      "type": "azurerm_subnet",
      "name": "bastion_subnet",
      "provider": "provider[\"registry.terraform.io/hashicorp/azurerm\"]",
      "instances": [
        {
          "schema_version": 0,
          "attributes": {
            "address_prefixes": [
              "10.50.0.0/26"
            ],
            "default_outbound_access_enabled": true,
            "delegation": [],
            "enforce_private_link_endpoint_network_policies": false,
            "enforce_private_link_service_network_policies": false,
            "id": "/subscriptions/fcf45ce4-6585-4fb7-af52-3461e3a86d77/resourceGroups/eit-eh-polyport-dev/providers/Microsoft.Network/virtualNetworks/polyport-vnet/subnets/AzureBastionSubnet",
            "name": "AzureBastionSubnet",
            "private_endpoint_network_policies": "Enabled",
            "private_endpoint_network_policies_enabled": true,
            "private_link_service_network_policies_enabled": true,
            "resource_group_name": "eit-eh-polyport-dev",
            "service_endpoint_policy_ids": [],
            "service_endpoints": [],
            "timeouts": null,
            "virtual_network_name": "polyport-vnet"
          },
          "sensitive_attributes": [],
          "private": "eyJlMmJmYjczMC1lY2FhLTExZTYtOGY4OC0zNDM2M2JjN2M0YzAiOnsiY3JlYXRlIjoxODAwMDAwMDAwMDAwLCJkZWxldGUiOjE4MDAwMDAwMDAwMDAsInJlYWQiOjMwMDAwMDAwMDAwMCwidXBkYXRlIjoxODAwMDAwMDAwMDAwfX0=",
          "dependencies": [
            "azurerm_virtual_network.vnet",
            "data.azurerm_resource_group.rg"
          ]
        }
      ]
    },
    {
      "mode": "managed",
      "type": "azurerm_subnet",
      "name": "vm_subnet",
      "provider": "provider[\"registry.terraform.io/hashicorp/azurerm\"]",
      "instances": [
        {
          "schema_version": 0,
          "attributes": {
            "address_prefixes": [
              "10.50.1.0/24"
            ],
            "default_outbound_access_enabled": true,
            "delegation": [],
            "enforce_private_link_endpoint_network_policies": false,
            "enforce_private_link_service_network_policies": false,
            "id": "/subscriptions/fcf45ce4-6585-4fb7-af52-3461e3a86d77/resourceGroups/eit-eh-polyport-dev/providers/Microsoft.Network/virtualNetworks/polyport-vnet/subnets/vm-subnet",
            "name": "vm-subnet",
            "private_endpoint_network_policies": "Enabled",
            "private_endpoint_network_policies_enabled": true,
            "private_link_service_network_policies_enabled": true,
            "resource_group_name": "eit-eh-polyport-dev",
            "service_endpoint_policy_ids": [],
            "service_endpoints": [],
            "timeouts": null,
            "virtual_network_name": "polyport-vnet"
          },
          "sensitive_attributes": [],
          "private": "eyJlMmJmYjczMC1lY2FhLTExZTYtOGY4OC0zNDM2M2JjN2M0YzAiOnsiY3JlYXRlIjoxODAwMDAwMDAwMDAwLCJkZWxldGUiOjE4MDAwMDAwMDAwMDAsInJlYWQiOjMwMDAwMDAwMDAwMCwidXBkYXRlIjoxODAwMDAwMDAwMDAwfX0=",
          "dependencies": [
            "azurerm_virtual_network.vnet",
            "data.azurerm_resource_group.rg"
          ]
        }
      ]
    },
    {
      "mode": "managed",
      "type": "azurerm_virtual_network",
      "name": "vnet",
      "provider": "provider[\"registry.terraform.io/hashicorp/azurerm\"]",
      "instances": [
        {
          "schema_version": 0,
          "attributes": {
            "address_space": [
              "10.50.0.0/16"
            ],
            "bgp_community": "",
            "ddos_protection_plan": [],
            "dns_servers": [],
            "edge_zone": "",
            "encryption": [],
            "flow_timeout_in_minutes": 0,
            "guid": "a1e5dcc7-063b-431d-b59e-36e169bd8c68",
            "id": "/subscriptions/fcf45ce4-6585-4fb7-af52-3461e3a86d77/resourceGroups/eit-eh-polyport-dev/providers/Microsoft.Network/virtualNetworks/polyport-vnet",
            "location": "francecentral",
            "name": "polyport-vnet",
            "resource_group_name": "eit-eh-polyport-dev",
            "subnet": [
              {
                "address_prefix": "10.50.0.0/26",
                "id": "/subscriptions/fcf45ce4-6585-4fb7-af52-3461e3a86d77/resourceGroups/eit-eh-polyport-dev/providers/Microsoft.Network/virtualNetworks/polyport-vnet/subnets/AzureBastionSubnet",
                "name": "AzureBastionSubnet",
                "security_group": ""
              },
              {
                "address_prefix": "10.50.1.0/24",
                "id": "/subscriptions/fcf45ce4-6585-4fb7-af52-3461e3a86d77/resourceGroups/eit-eh-polyport-dev/providers/Microsoft.Network/virtualNetworks/polyport-vnet/subnets/vm-subnet",
                "name": "vm-subnet",
                "security_group": ""
              }
            ],
            "tags": {
              "created_by": "terraform",
              "environment": "dev",
              "project": "polyport"
            },
            "timeouts": null
          },
          "sensitive_attributes": [],
          "private": "eyJlMmJmYjczMC1lY2FhLTExZTYtOGY4OC0zNDM2M2JjN2M0YzAiOnsiY3JlYXRlIjoxODAwMDAwMDAwMDAwLCJkZWxldGUiOjE4MDAwMDAwMDAwMDAsInJlYWQiOjMwMDAwMDAwMDAwMCwidXBkYXRlIjoxODAwMDAwMDAwMDAwfX0=",
          "dependencies": [
            "data.azurerm_resource_group.rg"
          ]
        }
      ]
    }
  ],
  "check_results": null
}
